
Microsoft Visual Studio Solution File, Format Version 11.00
# Visual C# Express 2010
Project("{FAE04EC0-301F-11D3-BF4B-00C04F79EFBC}") = "FROGGER", "FROGGER\FROGGER\FROGGER.csproj", "{038A479F-1C31-4BB3-A634-39DDCA4803F6}"
EndProject
Project("{96E2B04D-8817-42C6-938A-82C39BA4D311}") = "FROGGERContent", "FROGGER\FROGGERContent\FROGGERContent.contentproj", "{4642C5F1-17DE-4456-ABCE-5FC5BB71FA08}"
EndProject
Global
	GlobalSection(SolutionConfigurationPlatforms) = preSolution
		Debug|x86 = Debug|x86
		Release|x86 = Release|x86
	EndGlobalSection
	GlobalSection(ProjectConfigurationPlatforms) = postSolution
		{038A479F-1C31-4BB3-A634-39DDCA4803F6}.Debug|x86.ActiveCfg = Debug|x86
		{038A479F-1C31-4BB3-A634-39DDCA4803F6}.Debug|x86.Build.0 = Debug|x86
		{038A479F-1C31-4BB3-A634-39DDCA4803F6}.Release|x86.ActiveCfg = Release|x86
		{038A479F-1C31-4BB3-A634-39DDCA4803F6}.Release|x86.Build.0 = Release|x86
		{4642C5F1-17DE-4456-ABCE-5FC5BB71FA08}.Debug|x86.ActiveCfg = Debug|x86
		{4642C5F1-17DE-4456-ABCE-5FC5BB71FA08}.Release|x86.ActiveCfg = Release|x86
	EndGlobalSection
	GlobalSection(SolutionProperties) = preSolution
		HideSolutionNode = FALSE
	EndGlobalSection
EndGlobal
